// !$*UTF8*$!
{
	archiveVersion = 1;
	classes = {
	};
	objectVersion = 56;
	objects = {

/* Begin PBXBuildFile section */
		94FFB0042976BE610036BAA8 /* AppDelegate.swift in Sources */ = {isa = PBXBuildFile; fileRef = 94FFB0032976BE610036BAA8 /* AppDelegate.swift */; };
		94FFB0062976BE610036BAA8 /* SceneDelegate.swift in Sources */ = {isa = PBXBuildFile; fileRef = 94FFB0052976BE610036BAA8 /* SceneDelegate.swift */; };
		94FFB0082976BE610036BAA8 /* ViewController.swift in Sources */ = {isa = PBXBuildFile; fileRef = 94FFB0072976BE610036BAA8 /* ViewController.swift */; };
		94FFB00B2976BE610036BAA8 /* Main.storyboard in Resources */ = {isa = PBXBuildFile; fileRef = 94FFB0092976BE610036BAA8 /* Main.storyboard */; };
		94FFB00D2976BE620036BAA8 /* Assets.xcassets in Resources */ = {isa = PBXBuildFile; fileRef = 94FFB00C2976BE620036BAA8 /* Assets.xcassets */; };
		94FFB0102976BE620036BAA8 /* LaunchScreen.storyboard in Resources */ = {isa = PBXBuildFile; fileRef = 94FFB00E2976BE620036BAA8 /* LaunchScreen.storyboard */; };
		94FFB0192976D4800036BAA8 /* ProductsTableViewCell.swift in Sources */ = {isa = PBXBuildFile; fileRef = 94FFB0182976D4800036BAA8 /* ProductsTableViewCell.swift */; };
		94FFB01C2976DDC20036BAA8 /* ProductsModel.swift in Sources */ = {isa = PBXBuildFile; fileRef = 94FFB01B2976DDC20036BAA8 /* ProductsModel.swift */; };
		94FFB01F2976DFE20036BAA8 /* JsonData.json in Resources */ = {isa = PBXBuildFile; fileRef = 94FFB01E2976DFE20036BAA8 /* JsonData.json */; };
		94FFB021297804FB0036BAA8 /* ProductCollectionViewCell.swift in Sources */ = {isa = PBXBuildFile; fileRef = 94FFB020297804FB0036BAA8 /* ProductCollectionViewCell.swift */; };
		94FFB023297DB76A0036BAA8 /* ProductListingViewController.swift in Sources */ = {isa = PBXBuildFile; fileRef = 94FFB022297DB76A0036BAA8 /* ProductListingViewController.swift */; };
		94FFB025297DB93B0036BAA8 /* ProductDetailTableViewCell.swift in Sources */ = {isa = PBXBuildFile; fileRef = 94FFB024297DB93B0036BAA8 /* ProductDetailTableViewCell.swift */; };
/* End PBXBuildFile section */

/* Begin PBXFileReference section */
		94FFB0002976BE610036BAA8 /* TableView - CollectionView.app */ = {isa = PBXFileReference; explicitFileType = wrapper.application; includeInIndex = 0; path = "TableView - CollectionView.app"; sourceTree = BUILT_PRODUCTS_DIR; };
		94FFB0032976BE610036BAA8 /* AppDelegate.swift */ = {isa = PBXFileReference; lastKnownFileType = sourcecode.swift; path = AppDelegate.swift; sourceTree = "<group>"; };
		94FFB0052976BE610036BAA8 /* SceneDelegate.swift */ = {isa = PBXFileReference; lastKnownFileType = sourcecode.swift; path = SceneDelegate.swift; sourceTree = "<group>"; };
		94FFB0072976BE610036BAA8 /* ViewController.swift */ = {isa = PBXFileReference; lastKnownFileType = sourcecode.swift; path = ViewController.swift; sourceTree = "<group>"; };
		94FFB00A2976BE610036BAA8 /* Base */ = {isa = PBXFileReference; lastKnownFileType = file.storyboard; name = Base; path = Base.lproj/Main.storyboard; sourceTree = "<group>"; };
		94FFB00C2976BE620036BAA8 /* Assets.xcassets */ = {isa = PBXFileReference; lastKnownFileType = folder.assetcatalog; path = Assets.xcassets; sourceTree = "<group>"; };
		94FFB00F2976BE620036BAA8 /* Base */ = {isa = PBXFileReference; lastKnownFileType = file.storyboard; name = Base; path = Base.lproj/LaunchScreen.storyboard; sourceTree = "<group>"; };
		94FFB0112976BE620036BAA8 /* Info.plist */ = {isa = PBXFileReference; lastKnownFileType = text.plist.xml; path = Info.plist; sourceTree = "<group>"; };
		94FFB0182976D4800036BAA8 /* ProductsTableViewCell.swift */ = {isa = PBXFileReference; lastKnownFileType = sourcecode.swift; path = ProductsTableViewCell.swift; sourceTree = "<group>"; };
		94FFB01B2976DDC20036BAA8 /* ProductsModel.swift */ = {isa = PBXFileReference; lastKnownFileType = sourcecode.swift; path = ProductsModel.swift; sourceTree = "<group>"; };
		94FFB01E2976DFE20036BAA8 /* JsonData.json */ = {isa = PBXFileReference; fileEncoding = 4; lastKnownFileType = text.json; path = JsonData.json; sourceTree = "<group>"; };
		94FFB020297804FB0036BAA8 /* ProductCollectionViewCell.swift */ = {isa = PBXFileReference; lastKnownFileType = sourcecode.swift; path = ProductCollectionViewCell.swift; sourceTree = "<group>"; };
		94FFB022297DB76A0036BAA8 /* ProductListingViewController.swift */ = {isa = PBXFileReference; lastKnownFileType = sourcecode.swift; path = ProductListingViewController.swift; sourceTree = "<group>"; };
		94FFB024297DB93B0036BAA8 /* ProductDetailTableViewCell.swift */ = {isa = PBXFileReference; lastKnownFileType = sourcecode.swift; path = ProductDetailTableViewCell.swift; sourceTree = "<group>"; };
/* End PBXFileReference section */

/* Begin PBXFrameworksBuildPhase section */
		94FFAFFD2976BE610036BAA8 /* Frameworks */ = {
			isa = PBXFrameworksBuildPhase;
			buildActionMask = 2147483647;
			files = (
			);
			runOnlyForDeploymentPostprocessing = 0;
		};
/* End PBXFrameworksBuildPhase section */

/* Begin PBXGroup section */
		94FFAFF72976BE610036BAA8 = {
			isa = PBXGroup;
			children = (
				94FFB0022976BE610036BAA8 /* TableView - CollectionView */,
				94FFB0012976BE610036BAA8 /* Products */,
			);
			sourceTree = "<group>";
		};
		94FFB0012976BE610036BAA8 /* Products */ = {
			isa = PBXGroup;
			children = (
				94FFB0002976BE610036BAA8 /* TableView - CollectionView.app */,
			);
			name = Products;
			sourceTree = "<group>";
		};
		94FFB0022976BE610036BAA8 /* TableView - CollectionView */ = {
			isa = PBXGroup;
			children = (
				94FFB01D2976DE6F0036BAA8 /* Resources */,
				94FFB01A2976DD450036BAA8 /* Models */,
				94FFB0172976D43E0036BAA8 /* Cells */,
				94FFB0032976BE610036BAA8 /* AppDelegate.swift */,
				94FFB0052976BE610036BAA8 /* SceneDelegate.swift */,
				94FFB0072976BE610036BAA8 /* ViewController.swift */,
				94FFB0092976BE610036BAA8 /* Main.storyboard */,
				94FFB00C2976BE620036BAA8 /* Assets.xcassets */,
				94FFB00E2976BE620036BAA8 /* LaunchScreen.storyboard */,
				94FFB0112976BE620036BAA8 /* Info.plist */,
				94FFB022297DB76A0036BAA8 /* ProductListingViewController.swift */,
			);
			path = "TableView - CollectionView";
			sourceTree = "<group>";
		};
		94FFB0172976D43E0036BAA8 /* Cells */ = {
			isa = PBXGroup;
			children = (
				94FFB0182976D4800036BAA8 /* ProductsTableViewCell.swift */,
				94FFB020297804FB0036BAA8 /* ProductCollectionViewCell.swift */,
				94FFB024297DB93B0036BAA8 /* ProductDetailTableViewCell.swift */,
			);
			path = Cells;
			sourceTree = "<group>";
		};
		94FFB01A2976DD450036BAA8 /* Models */ = {
			isa = PBXGroup;
			children = (
				94FFB01B2976DDC20036BAA8 /* ProductsModel.swift */,
			);
			path = Models;
			sourceTree = "<group>";
		};
		94FFB01D2976DE6F0036BAA8 /* Resources */ = {
			isa = PBXGroup;
			children = (
				94FFB01E2976DFE20036BAA8 /* JsonData.json */,
			);
			path = Resources;
			sourceTree = "<group>";
		};
/* End PBXGroup section */

/* Begin PBXNativeTarget section */
		94FFAFFF2976BE610036BAA8 /* TableView - CollectionView */ = {
			isa = PBXNativeTarget;
			buildConfigurationList = 94FFB0142976BE620036BAA8 /* Build configuration list for PBXNativeTarget "TableView - CollectionView" */;
			buildPhases = (
				94FFAFFC2976BE610036BAA8 /* Sources */,
				94FFAFFD2976BE610036BAA8 /* Frameworks */,
				94FFAFFE2976BE610036BAA8 /* Resources */,
			);
			buildRules = (
			);
			dependencies = (
			);
			name = "TableView - CollectionView";
			productName = "TableView - CollectionView";
			productReference = 94FFB0002976BE610036BAA8 /* TableView - CollectionView.app */;
			productType = "com.apple.product-type.application";
		};
/* End PBXNativeTarget section */

/* Begin PBXProject section */
		94FFAFF82976BE610036BAA8 /* Project object */ = {
			isa = PBXProject;
			attributes = {
				BuildIndependentTargetsInParallel = 1;
				LastSwiftUpdateCheck = 1420;
				LastUpgradeCheck = 1420;
				TargetAttributes = {
					94FFAFFF2976BE610036BAA8 = {
						CreatedOnToolsVersion = 14.2;
					};
				};
			};
			buildConfigurationList = 94FFAFFB2976BE610036BAA8 /* Build configuration list for PBXProject "TableView - CollectionView" */;
			compatibilityVersion = "Xcode 14.0";
			developmentRegion = en;
			hasScannedForEncodings = 0;
			knownRegions = (
				en,
				Base,
			);
			mainGroup = 94FFAFF72976BE610036BAA8;
			productRefGroup = 94FFB0012976BE610036BAA8 /* Products */;
			projectDirPath = "";
			projectRoot = "";
			targets = (
				94FFAFFF2976BE610036BAA8 /* TableView - CollectionView */,
			);
		};
/* End PBXProject section */

/* Begin PBXResourcesBuildPhase section */
		94FFAFFE2976BE610036BAA8 /* Resources */ = {
			isa = PBXResourcesBuildPhase;
			buildActionMask = 2147483647;
			files = (
				94FFB0102976BE620036BAA8 /* LaunchScreen.storyboard in Resources */,
				94FFB01F2976DFE20036BAA8 /* JsonData.json in Resources */,
				94FFB00D2976BE620036BAA8 /* Assets.xcassets in Resources */,
				94FFB00B2976BE610036BAA8 /* Main.storyboard in Resources */,
			);
			runOnlyForDeploymentPostprocessing = 0;
		};
/* End PBXResourcesBuildPhase section */

/* Begin PBXSourcesBuildPhase section */
		94FFAFFC2976BE610036BAA8 /* Sources */ = {
			isa = PBXSourcesBuildPhase;
			buildActionMask = 2147483647;
			files = (
				94FFB0082976BE610036BAA8 /* ViewController.swift in Sources */,
				94FFB01C2976DDC20036BAA8 /* ProductsModel.swift in Sources */,
				94FFB0192976D4800036BAA8 /* ProductsTableViewCell.swift in Sources */,
				94FFB0042976BE610036BAA8 /* AppDelegate.swift in Sources */,
				94FFB025297DB93B0036BAA8 /* ProductDetailTableViewCell.swift in Sources */,
				94FFB021297804FB0036BAA8 /* ProductCollectionViewCell.swift in Sources */,
				94FFB0062976BE610036BAA8 /* SceneDelegate.swift in Sources */,
				94FFB023297DB76A0036BAA8 /* ProductListingViewController.swift in Sources */,
			);
			runOnlyForDeploymentPostprocessing = 0;
		};
/* End PBXSourcesBuildPhase section */

/* Begin PBXVariantGroup section */
		94FFB0092976BE610036BAA8 /* Main.storyboard */ = {
			isa = PBXVariantGroup;
			children = (
				94FFB00A2976BE610036BAA8 /* Base */,
			);
			name = Main.storyboard;
			sourceTree = "<group>";
		};
		94FFB00E2976BE620036BAA8 /* LaunchScreen.storyboard */ = {
			isa = PBXVariantGroup;
			children = (
				94FFB00F2976BE620036BAA8 /* Base */,
			);
			name = LaunchScreen.storyboard;
			sourceTree = "<group>";
		};
/* End PBXVariantGroup section */

/* Begin XCBuildConfiguration section */
		94FFB0122976BE620036BAA8 /* Debug */ = {
			isa = XCBuildConfiguration;
			buildSettings = {
				ALWAYS_SEARCH_USER_PATHS = NO;
				CLANG_ANALYZER_NONNULL = YES;
				CLANG_ANALYZER_NUMBER_OBJECT_CONVERSION = YES_AGGRESSIVE;
				CLANG_CXX_LANGUAGE_STANDARD = "gnu++20";
				CLANG_ENABLE_MODULES = YES;
				CLANG_ENABLE_OBJC_ARC = YES;
				CLANG_ENABLE_OBJC_WEAK = YES;
				CLANG_WARN_BLOCK_CAPTURE_AUTORELEASING = YES;
				CLANG_WARN_BOOL_CONVERSION = YES;
				CLANG_WARN_COMMA = YES;
				CLANG_WARN_CONSTANT_CONVERSION = YES;
				CLANG_WARN_DEPRECATED_OBJC_IMPLEMENTATIONS = YES;
				CLANG_WARN_DIRECT_OBJC_ISA_USAGE = YES_ERROR;
				CLANG_WARN_DOCUMENTATION_COMMENTS = YES;
				CLANG_WARN_EMPTY_BODY = YES;
				CLANG_WARN_ENUM_CONVERSION = YES;
				CLANG_WARN_INFINITE_RECURSION = YES;
				CLANG_WARN_INT_CONVERSION = YES;
				CLANG_WARN_NON_LITERAL_NULL_CONVERSION = YES;
				CLANG_WARN_OBJC_IMPLICIT_RETAIN_SELF = YES;
				CLANG_WARN_OBJC_LITERAL_CONVERSION = YES;
				CLANG_WARN_OBJC_ROOT_CLASS = YES_ERROR;
				CLANG_WARN_QUOTED_INCLUDE_IN_FRAMEWORK_HEADER = YES;
				CLANG_WARN_RANGE_LOOP_ANALYSIS = YES;
				CLANG_WARN_STRICT_PROTOTYPES = YES;
				CLANG_WARN_SUSPICIOUS_MOVE = YES;
				CLANG_WARN_UNGUARDED_AVAILABILITY = YES_AGGRESSIVE;
				CLANG_WARN_UNREACHABLE_CODE = YES;
				CLANG_WARN__DUPLICATE_METHOD_MATCH = YES;
				COPY_PHASE_STRIP = NO;
				DEBUG_INFORMATION_FORMAT = dwarf;
				ENABLE_STRICT_OBJC_MSGSEND = YES;
				ENABLE_TESTABILITY = YES;
				GCC_C_LANGUAGE_STANDARD = gnu11;
				GCC_DYNAMIC_NO_PIC = NO;
				GCC_NO_COMMON_BLOCKS = YES;
				GCC_OPTIMIZATION_LEVEL = 0;
				GCC_PREPROCESSOR_DEFINITIONS = (
					"DEBUG=1",
					"$(inherited)",
				);
				GCC_WARN_64_TO_32_BIT_CONVERSION = YES;
				GCC_WARN_ABOUT_RETURN_TYPE = YES_ERROR;
				GCC_WARN_UNDECLARED_SELECTOR = YES;
				GCC_WARN_UNINITIALIZED_AUTOS = YES_AGGRESSIVE;
				GCC_WARN_UNUSED_FUNCTION = YES;
				GCC_WARN_UNUSED_VARIABLE = YES;
				IPHONEOS_DEPLOYMENT_TARGET = 16.2;
				MTL_ENABLE_DEBUG_INFO = INCLUDE_SOURCE;
				MTL_FAST_MATH = YES;
				ONLY_ACTIVE_ARCH = YES;
				SDKROOT = iphoneos;
				SWIFT_ACTIVE_COMPILATION_CONDITIONS = DEBUG;
				SWIFT_OPTIMIZATION_LEVEL = "-Onone";
			};
			name = Debug;
		};
		94FFB0132976BE620036BAA8 /* Release */ = {
			isa = XCBuildConfiguration;
			buildSettings = {
				ALWAYS_SEARCH_USER_PATHS = NO;
				CLANG_ANALYZER_NONNULL = YES;
				CLANG_ANALYZER_NUMBER_OBJECT_CONVERSION = YES_AGGRESSIVE;
				CLANG_CXX_LANGUAGE_STANDARD = "gnu++20";
				CLANG_ENABLE_MODULES = YES;
				CLANG_ENABLE_OBJC_ARC = YES;
				CLANG_ENABLE_OBJC_WEAK = YES;
				CLANG_WARN_BLOCK_CAPTURE_AUTORELEASING = YES;
				CLANG_WARN_BOOL_CONVERSION = YES;
				CLANG_WARN_COMMA = YES;
				CLANG_WARN_CONSTANT_CONVERSION = YES;
				CLANG_WARN_DEPRECATED_OBJC_IMPLEMENTATIONS = YES;
				CLANG_WARN_DIRECT_OBJC_ISA_USAGE = YES_ERROR;
				CLANG_WARN_DOCUMENTATION_COMMENTS = YES;
				CLANG_WARN_EMPTY_BODY = YES;
				CLANG_WARN_ENUM_CONVERSION = YES;
				CLANG_WARN_INFINITE_RECURSION = YES;
				CLANG_WARN_INT_CONVERSION = YES;
				CLANG_WARN_NON_LITERAL_NULL_CONVERSION = YES;
				CLANG_WARN_OBJC_IMPLICIT_RETAIN_SELF = YES;
				CLANG_WARN_OBJC_LITERAL_CONVERSION = YES;
				CLANG_WARN_OBJC_ROOT_CLASS = YES_ERROR;
				CLANG_WARN_QUOTED_INCLUDE_IN_FRAMEWORK_HEADER = YES;
				CLANG_WARN_RANGE_LOOP_ANALYSIS = YES;
				CLANG_WARN_STRICT_PROTOTYPES = YES;
				CLANG_WARN_SUSPICIOUS_MOVE = YES;
				CLANG_WARN_UNGUARDED_AVAILABILITY = YES_AGGRESSIVE;
				CLANG_WARN_UNREACHABLE_CODE = YES;
				CLANG_WARN__DUPLICATE_METHOD_MATCH = YES;
				COPY_PHASE_STRIP = NO;
				DEBUG_INFORMATION_FORMAT = "dwarf-with-dsym";
				ENABLE_NS_ASSERTIONS = NO;
				ENABLE_STRICT_OBJC_MSGSEND = YES;
				GCC_C_LANGUAGE_STANDARD = gnu11;
				GCC_NO_COMMON_BLOCKS = YES;
				GCC_WARN_64_TO_32_BIT_CONVERSION = YES;
				GCC_WARN_ABOUT_RETURN_TYPE = YES_ERROR;
				GCC_WARN_UNDECLARED_SELECTOR = YES;
				GCC_WARN_UNINITIALIZED_AUTOS = YES_AGGRESSIVE;
				GCC_WARN_UNUSED_FUNCTION = YES;
				GCC_WARN_UNUSED_VARIABLE = YES;
				IPHONEOS_DEPLOYMENT_TARGET = 16.2;
				MTL_ENABLE_DEBUG_INFO = NO;
				MTL_FAST_MATH = YES;
				SDKROOT = iphoneos;
				SWIFT_COMPILATION_MODE = wholemodule;
				SWIFT_OPTIMIZATION_LEVEL = "-O";
				VALIDATE_PRODUCT = YES;
			};
			name = Release;
		};
		94FFB0152976BE620036BAA8 /* Debug */ = {
			isa = XCBuildConfiguration;
			buildSettings = {
				ASSETCATALOG_COMPILER_APPICON_NAME = AppIcon;
				ASSETCATALOG_COMPILER_GLOBAL_ACCENT_COLOR_NAME = AccentColor;
				CODE_SIGN_STYLE = Automatic;
				CURRENT_PROJECT_VERSION = 1;
				DEVELOPMENT_TEAM = 6QHU56UTR8;
				GENERATE_INFOPLIST_FILE = YES;
				INFOPLIST_FILE = "TableView - CollectionView/Info.plist";
				INFOPLIST_KEY_UIApplicationSupportsIndirectInputEvents = YES;
				INFOPLIST_KEY_UILaunchStoryboardName = LaunchScreen;
				INFOPLIST_KEY_UIMainStoryboardFile = Main;
				INFOPLIST_KEY_UISupportedInterfaceOrientations_iPad = "UIInterfaceOrientationPortrait UIInterfaceOrientationPortraitUpsideDown UIInterfaceOrientationLandscapeLeft UIInterfaceOrientationLandscapeRight";
				INFOPLIST_KEY_UISupportedInterfaceOrientations_iPhone = "UIInterfaceOrientationPortrait UIInterfaceOrientationLandscapeLeft UIInterfaceOrientationLandscapeRight";
				LD_RUNPATH_SEARCH_PATHS = (
					"$(inherited)",
					"@executable_path/Frameworks",
				);
				MARKETING_VERSION = 1.0;
				PRODUCT_BUNDLE_IDENTIFIER = "com.burhan.tableviewcollectionview.TableView---CollectionView";
				PRODUCT_NAME = "$(TARGET_NAME)";
				SWIFT_EMIT_LOC_STRINGS = YES;
				SWIFT_VERSION = 5.0;
				TARGETED_DEVICE_FAMILY = "1,2";
			};
			name = Debug;
		};
		94FFB0162976BE620036BAA8 /* Release */ = {
			isa = XCBuildConfiguration;
			buildSettings = {
				ASSETCATALOG_COMPILER_APPICON_NAME = AppIcon;
				ASSETCATALOG_COMPILER_GLOBAL_ACCENT_COLOR_NAME = AccentColor;
				CODE_SIGN_STYLE = Automatic;
				CURRENT_PROJECT_VERSION = 1;
				DEVELOPMENT_TEAM = 6QHU56UTR8;
				GENERATE_INFOPLIST_FILE = YES;
				INFOPLIST_FILE = "TableView - CollectionView/Info.plist";
				INFOPLIST_KEY_UIApplicationSupportsIndirectInputEvents = YES;
				INFOPLIST_KEY_UILaunchStoryboardName = LaunchScreen;
				INFOPLIST_KEY_UIMainStoryboardFile = Main;
				INFOPLIST_KEY_UISupportedInterfaceOrientations_iPad = "UIInterfaceOrientationPortrait UIInterfaceOrientationPortraitUpsideDown UIInterfaceOrientationLandscapeLeft UIInterfaceOrientationLandscapeRight";
				INFOPLIST_KEY_UISupportedInterfaceOrientations_iPhone = "UIInterfaceOrientationPortrait UIInterfaceOrientationLandscapeLeft UIInterfaceOrientationLandscapeRight";
				LD_RUNPATH_SEARCH_PATHS = (
					"$(inherited)",
					"@executable_path/Frameworks",
				);
				MARKETING_VERSION = 1.0;
				PRODUCT_BUNDLE_IDENTIFIER = "com.burhan.tableviewcollectionview.TableView---CollectionView";
				PRODUCT_NAME = "$(TARGET_NAME)";
				SWIFT_EMIT_LOC_STRINGS = YES;
				SWIFT_VERSION = 5.0;
				TARGETED_DEVICE_FAMILY = "1,2";
			};
			name = Release;
		};
/* End XCBuildConfiguration section */

/* Begin XCConfigurationList section */
		94FFAFFB2976BE610036BAA8 /* Build configuration list for PBXProject "TableView - CollectionView" */ = {
			isa = XCConfigurationList;
			buildConfigurations = (
				94FFB0122976BE620036BAA8 /* Debug */,
				94FFB0132976BE620036BAA8 /* Release */,
			);
			defaultConfigurationIsVisible = 0;
			defaultConfigurationName = Release;
		};
		94FFB0142976BE620036BAA8 /* Build configuration list for PBXNativeTarget "TableView - CollectionView" */ = {
			isa = XCConfigurationList;
			buildConfigurations = (
				94FFB0152976BE620036BAA8 /* Debug */,
				94FFB0162976BE620036BAA8 /* Release */,
			);
			defaultConfigurationIsVisible = 0;
			defaultConfigurationName = Release;
		};
/* End XCConfigurationList section */
	};
	rootObject = 94FFAFF82976BE610036BAA8 /* Project object */;
}
